github.com/jessevdk/go-flags v1.4.0 h1:4IU2WS7AumrZ/40jfhf4QVDMsQwqA7VEHozFRrGARJA=
github.com/jessevdk/go-flags v1.4.0/go.mod h1:4FA24M0QyGHXBuZZK/XkWh8h0e1EYbRYJSGM75WSRxI=
github.com/mackerelio/checkers v0.0.0-20190411030116-60cbd7b55456 h1:TN6fEPX3sQRkg4nvztTBYD0UTNEY5x52XMmBwT9HqLU=
github.com/mackerelio/checkers v0.0.0-20190411030116-60cbd7b55456/go.mod h1:diyNFS/RRid22TaIOKvNf0GfzpJ2Yo91JuKxg9Q8gGI=
github.com/secsy/goftp v0.0.0-20190720192957-f31499d7c79a h1:C6IhVTxNkhlb0tlCB6JfHOUv1f0xHPK7V8X4HlJZEJw=
github.com/secsy/goftp v0.0.0-20190720192957-f31499d7c79a/go.mod h1:MnkX001NG75g3p8bhFycnyIjeQoOjGL6CEIsdE/nKSY=
